// !$*UTF8*$!
{
	archiveVersion = 1;
	classes = {
	};
	objectVersion = 46;
	objects = {

/* Begin PBXBuildFile section */
		C03C86041D1C21CA001AAD80 /* main.m in Sources */ = {isa = PBXBuildFile; fileRef = C03C86031D1C21CA001AAD80 /* main.m */; };
		C03C86071D1C21CA001AAD80 /* AppDelegate.m in Sources */ = {isa = PBXBuildFile; fileRef = C03C86061D1C21CA001AAD80 /* AppDelegate.m */; };
		C03C860A1D1C21CA001AAD80 /* ViewController.m in Sources */ = {isa = PBXBuildFile; fileRef = C03C86091D1C21CA001AAD80 /* ViewController.m */; };
		C03C860D1D1C21CA001AAD80 /* Main.storyboard in Resources */ = {isa = PBXBuildFile; fileRef = C03C860B1D1C21CA001AAD80 /* Main.storyboard */; };
		C03C860F1D1C21CA001AAD80 /* Assets.xcassets in Resources */ = {isa = PBXBuildFile; fileRef = C03C860E1D1C21CA001AAD80 /* Assets.xcassets */; };
		C03C86121D1C21CA001AAD80 /* LaunchScreen.storyboard in Resources */ = {isa = PBXBuildFile; fileRef = C03C86101D1C21CA001AAD80 /* LaunchScreen.storyboard */; };
		C03C861D1D1C21CA001AAD80 /* quartz2dUseTests.m in Sources */ = {isa = PBXBuildFile; fileRef = C03C861C1D1C21CA001AAD80 /* quartz2dUseTests.m */; };
		C03C86281D1C21CA001AAD80 /* quartz2dUseUITests.m in Sources */ = {isa = PBXBuildFile; fileRef = C03C86271D1C21CA001AAD80 /* quartz2dUseUITests.m */; };
/* End PBXBuildFile section */

/* Begin PBXContainerItemProxy section */
		C03C86191D1C21CA001AAD80 /* PBXContainerItemProxy */ = {
			isa = PBXContainerItemProxy;
			containerPortal = C03C85F71D1C21CA001AAD80 /* Project object */;
			proxyType = 1;
			remoteGlobalIDString = C03C85FE1D1C21CA001AAD80;
			remoteInfo = quartz2dUse;
		};
		C03C86241D1C21CA001AAD80 /* PBXContainerItemProxy */ = {
			isa = PBXContainerItemProxy;
			containerPortal = C03C85F71D1C21CA001AAD80 /* Project object */;
			proxyType = 1;
			remoteGlobalIDString = C03C85FE1D1C21CA001AAD80;
			remoteInfo = quartz2dUse;
		};
/* End PBXContainerItemProxy section */

/* Begin PBXFileReference section */
		C03C85FF1D1C21CA001AAD80 /* quartz2dUse.app */ = {isa = PBXFileReference; explicitFileType = wrapper.application; includeInIndex = 0; path = quartz2dUse.app; sourceTree = BUILT_PRODUCTS_DIR; };
		C03C86031D1C21CA001AAD80 /* main.m */ = {isa = PBXFileReference; lastKnownFileType = sourcecode.c.objc; path = main.m; sourceTree = "<group>"; };
		C03C86051D1C21CA001AAD80 /* AppDelegate.h */ = {isa = PBXFileReference; lastKnownFileType = sourcecode.c.h; path = AppDelegate.h; sourceTree = "<group>"; };
		C03C86061D1C21CA001AAD80 /* AppDelegate.m */ = {isa = PBXFileReference; lastKnownFileType = sourcecode.c.objc; path = AppDelegate.m; sourceTree = "<group>"; };
		C03C86081D1C21CA001AAD80 /* ViewController.h */ = {isa = PBXFileReference; lastKnownFileType = sourcecode.c.h; path = ViewController.h; sourceTree = "<group>"; };
		C03C86091D1C21CA001AAD80 /* ViewController.m */ = {isa = PBXFileReference; lastKnownFileType = sourcecode.c.objc; path = ViewController.m; sourceTree = "<group>"; };
		C03C860C1D1C21CA001AAD80 /* Base */ = {isa = PBXFileReference; lastKnownFileType = file.storyboard; name = Base; path = Base.lproj/Main.storyboard; sourceTree = "<group>"; };
		C03C860E1D1C21CA001AAD80 /* Assets.xcassets */ = {isa = PBXFileReference; lastKnownFileType = folder.assetcatalog; path = Assets.xcassets; sourceTree = "<group>"; };
		C03C86111D1C21CA001AAD80 /* Base */ = {isa = PBXFileReference; lastKnownFileType = file.storyboard; name = Base; path = Base.lproj/LaunchScreen.storyboard; sourceTree = "<group>"; };
		C03C86131D1C21CA001AAD80 /* Info.plist */ = {isa = PBXFileReference; lastKnownFileType = text.plist.xml; path = Info.plist; sourceTree = "<group>"; };
		C03C86181D1C21CA001AAD80 /* quartz2dUseTests.xctest */ = {isa = PBXFileReference; explicitFileType = wrapper.cfbundle; includeInIndex = 0; path = quartz2dUseTests.xctest; sourceTree = BUILT_PRODUCTS_DIR; };
		C03C861C1D1C21CA001AAD80 /* quartz2dUseTests.m */ = {isa = PBXFileReference; lastKnownFileType = sourcecode.c.objc; path = quartz2dUseTests.m; sourceTree = "<group>"; };
		C03C861E1D1C21CA001AAD80 /* Info.plist */ = {isa = PBXFileReference; lastKnownFileType = text.plist.xml; path = Info.plist; sourceTree = "<group>"; };
		C03C86231D1C21CA001AAD80 /* quartz2dUseUITests.xctest */ = {isa = PBXFileReference; explicitFileType = wrapper.cfbundle; includeInIndex = 0; path = quartz2dUseUITests.xctest; sourceTree = BUILT_PRODUCTS_DIR; };
		C03C86271D1C21CA001AAD80 /* quartz2dUseUITests.m */ = {isa = PBXFileReference; lastKnownFileType = sourcecode.c.objc; path = quartz2dUseUITests.m; sourceTree = "<group>"; };
		C03C86291D1C21CA001AAD80 /* Info.plist */ = {isa = PBXFileReference; lastKnownFileType = text.plist.xml; path = Info.plist; sourceTree = "<group>"; };
/* End PBXFileReference section */

/* Begin PBXFrameworksBuildPhase section */
		C03C85FC1D1C21CA001AAD80 /* Frameworks */ = {
			isa = PBXFrameworksBuildPhase;
			buildActionMask = 2147483647;
			files = (
			);
			runOnlyForDeploymentPostprocessing = 0;
		};
		C03C86151D1C21CA001AAD80 /* Frameworks */ = {
			isa = PBXFrameworksBuildPhase;
			buildActionMask = 2147483647;
			files = (
			);
			runOnlyForDeploymentPostprocessing = 0;
		};
		C03C86201D1C21CA001AAD80 /* Frameworks */ = {
			isa = PBXFrameworksBuildPhase;
			buildActionMask = 2147483647;
			files = (
			);
			runOnlyForDeploymentPostprocessing = 0;
		};
/* End PBXFrameworksBuildPhase section */

/* Begin PBXGroup section */
		C03C85F61D1C21CA001AAD80 = {
			isa = PBXGroup;
			children = (
				C03C86011D1C21CA001AAD80 /* quartz2dUse */,
				C03C861B1D1C21CA001AAD80 /* quartz2dUseTests */,
				C03C86261D1C21CA001AAD80 /* quartz2dUseUITests */,
				C03C86001D1C21CA001AAD80 /* Products */,
			);
			sourceTree = "<group>";
		};
		C03C86001D1C21CA001AAD80 /* Products */ = {
			isa = PBXGroup;
			children = (
				C03C85FF1D1C21CA001AAD80 /* quartz2dUse.app */,
				C03C86181D1C21CA001AAD80 /* quartz2dUseTests.xctest */,
				C03C86231D1C21CA001AAD80 /* quartz2dUseUITests.xctest */,
			);
			name = Products;
			sourceTree = "<group>";
		};
		C03C86011D1C21CA001AAD80 /* quartz2dUse */ = {
			isa = PBXGroup;
			children = (
				C03C86051D1C21CA001AAD80 /* AppDelegate.h */,
				C03C86061D1C21CA001AAD80 /* AppDelegate.m */,
				C03C86081D1C21CA001AAD80 /* ViewController.h */,
				C03C86091D1C21CA001AAD80 /* ViewController.m */,
				C03C860B1D1C21CA001AAD80 /* Main.storyboard */,
				C03C860E1D1C21CA001AAD80 /* Assets.xcassets */,
				C03C86101D1C21CA001AAD80 /* LaunchScreen.storyboard */,
				C03C86131D1C21CA001AAD80 /* Info.plist */,
				C03C86021D1C21CA001AAD80 /* Supporting Files */,
			);
			path = quartz2dUse;
			sourceTree = "<group>";
		};
		C03C86021D1C21CA001AAD80 /* Supporting Files */ = {
			isa = PBXGroup;
			children = (
				C03C86031D1C21CA001AAD80 /* main.m */,
			);
			name = "Supporting Files";
			sourceTree = "<group>";
		};
		C03C861B1D1C21CA001AAD80 /* quartz2dUseTests */ = {
			isa = PBXGroup;
			children = (
				C03C861C1D1C21CA001AAD80 /* quartz2dUseTests.m */,
				C03C861E1D1C21CA001AAD80 /* Info.plist */,
			);
			path = quartz2dUseTests;
			sourceTree = "<group>";
		};
		C03C86261D1C21CA001AAD80 /* quartz2dUseUITests */ = {
			isa = PBXGroup;
			children = (
				C03C86271D1C21CA001AAD80 /* quartz2dUseUITests.m */,
				C03C86291D1C21CA001AAD80 /* Info.plist */,
			);
			path = quartz2dUseUITests;
			sourceTree = "<group>";
		};
/* End PBXGroup section */

/* Begin PBXNativeTarget section */
		C03C85FE1D1C21CA001AAD80 /* quartz2dUse */ = {
			isa = PBXNativeTarget;
			buildConfigurationList = C03C862C1D1C21CA001AAD80 /* Build configuration list for PBXNativeTarget "quartz2dUse" */;
			buildPhases = (
				C03C85FB1D1C21CA001AAD80 /* Sources */,
				C03C85FC1D1C21CA001AAD80 /* Frameworks */,
				C03C85FD1D1C21CA001AAD80 /* Resources */,
			);
			buildRules = (
			);
			dependencies = (
			);
			name = quartz2dUse;
			productName = quartz2dUse;
			productReference = C03C85FF1D1C21CA001AAD80 /* quartz2dUse.app */;
			productType = "com.apple.product-type.application";
		};
		C03C86171D1C21CA001AAD80 /* quartz2dUseTests */ = {
			isa = PBXNativeTarget;
			buildConfigurationList = C03C862F1D1C21CA001AAD80 /* Build configuration list for PBXNativeTarget "quartz2dUseTests" */;
			buildPhases = (
				C03C86141D1C21CA001AAD80 /* Sources */,
				C03C86151D1C21CA001AAD80 /* Frameworks */,
				C03C86161D1C21CA001AAD80 /* Resources */,
			);
			buildRules = (
			);
			dependencies = (
				C03C861A1D1C21CA001AAD80 /* PBXTargetDependency */,
			);
			name = quartz2dUseTests;
			productName = quartz2dUseTests;
			productReference = C03C86181D1C21CA001AAD80 /* quartz2dUseTests.xctest */;
			productType = "com.apple.product-type.bundle.unit-test";
		};
		C03C86221D1C21CA001AAD80 /* quartz2dUseUITests */ = {
			isa = PBXNativeTarget;
			buildConfigurationList = C03C86321D1C21CA001AAD80 /* Build configuration list for PBXNativeTarget "quartz2dUseUITests" */;
			buildPhases = (
				C03C861F1D1C21CA001AAD80 /* Sources */,
				C03C86201D1C21CA001AAD80 /* Frameworks */,
				C03C86211D1C21CA001AAD80 /* Resources */,
			);
			buildRules = (
			);
			dependencies = (
				C03C86251D1C21CA001AAD80 /* PBXTargetDependency */,
			);
			name = quartz2dUseUITests;
			productName = quartz2dUseUITests;
			productReference = C03C86231D1C21CA001AAD80 /* quartz2dUseUITests.xctest */;
			productType = "com.apple.product-type.bundle.ui-testing";
		};
/* End PBXNativeTarget section */

/* Begin PBXProject section */
		C03C85F71D1C21CA001AAD80 /* Project object */ = {
			isa = PBXProject;
			attributes = {
				LastUpgradeCheck = 0730;
				ORGANIZATIONNAME = ligen;
				TargetAttributes = {
					C03C85FE1D1C21CA001AAD80 = {
						CreatedOnToolsVersion = 7.3.1;
					};
					C03C86171D1C21CA001AAD80 = {
						CreatedOnToolsVersion = 7.3.1;
						TestTargetID = C03C85FE1D1C21CA001AAD80;
					};
					C03C86221D1C21CA001AAD80 = {
						CreatedOnToolsVersion = 7.3.1;
						TestTargetID = C03C85FE1D1C21CA001AAD80;
					};
				};
			};
			buildConfigurationList = C03C85FA1D1C21CA001AAD80 /* Build configuration list for PBXProject "quartz2dUse" */;
			compatibilityVersion = "Xcode 3.2";
			developmentRegion = English;
			hasScannedForEncodings = 0;
			knownRegions = (
				en,
				Base,
			);
			mainGroup = C03C85F61D1C21CA001AAD80;
			productRefGroup = C03C86001D1C21CA001AAD80 /* Products */;
			projectDirPath = "";
			projectRoot = "";
			targets = (
				C03C85FE1D1C21CA001AAD80 /* quartz2dUse */,
				C03C86171D1C21CA001AAD80 /* quartz2dUseTests */,
				C03C86221D1C21CA001AAD80 /* quartz2dUseUITests */,
			);
		};
/* End PBXProject section */

/* Begin PBXResourcesBuildPhase section */
		C03C85FD1D1C21CA001AAD80 /* Resources */ = {
			isa = PBXResourcesBuildPhase;
			buildActionMask = 2147483647;
			files = (
				C03C86121D1C21CA001AAD80 /* LaunchScreen.storyboard in Resources */,
				C03C860F1D1C21CA001AAD80 /* Assets.xcassets in Resources */,
				C03C860D1D1C21CA001AAD80 /* Main.storyboard in Resources */,
			);
			runOnlyForDeploymentPostprocessing = 0;
		};
		C03C86161D1C21CA001AAD80 /* Resources */ = {
			isa = PBXResourcesBuildPhase;
			buildActionMask = 2147483647;
			files = (
			);
			runOnlyForDeploymentPostprocessing = 0;
		};
		C03C86211D1C21CA001AAD80 /* Resources */ = {
			isa = PBXResourcesBuildPhase;
			buildActionMask = 2147483647;
			files = (
			);
			runOnlyForDeploymentPostprocessing = 0;
		};
/* End PBXResourcesBuildPhase section */

/* Begin PBXSourcesBuildPhase section */
		C03C85FB1D1C21CA001AAD80 /* Sources */ = {
			isa = PBXSourcesBuildPhase;
			buildActionMask = 2147483647;
			files = (
				C03C860A1D1C21CA001AAD80 /* ViewController.m in Sources */,
				C03C86071D1C21CA001AAD80 /* AppDelegate.m in Sources */,
				C03C86041D1C21CA001AAD80 /* main.m in Sources */,
			);
			runOnlyForDeploymentPostprocessing = 0;
		};
		C03C86141D1C21CA001AAD80 /* Sources */ = {
			isa = PBXSourcesBuildPhase;
			buildActionMask = 2147483647;
			files = (
				C03C861D1D1C21CA001AAD80 /* quartz2dUseTests.m in Sources */,
			);
			runOnlyForDeploymentPostprocessing = 0;
		};
		C03C861F1D1C21CA001AAD80 /* Sources */ = {
			isa = PBXSourcesBuildPhase;
			buildActionMask = 2147483647;
			files = (
				C03C86281D1C21CA001AAD80 /* quartz2dUseUITests.m in Sources */,
			);
			runOnlyForDeploymentPostprocessing = 0;
		};
/* End PBXSourcesBuildPhase section */

/* Begin PBXTargetDependency section */
		C03C861A1D1C21CA001AAD80 /* PBXTargetDependency */ = {
			isa = PBXTargetDependency;
			target = C03C85FE1D1C21CA001AAD80 /* quartz2dUse */;
			targetProxy = C03C86191D1C21CA001AAD80 /* PBXContainerItemProxy */;
		};
		C03C86251D1C21CA001AAD80 /* PBXTargetDependency */ = {
			isa = PBXTargetDependency;
			target = C03C85FE1D1C21CA001AAD80 /* quartz2dUse */;
			targetProxy = C03C86241D1C21CA001AAD80 /* PBXContainerItemProxy */;
		};
/* End PBXTargetDependency section */

/* Begin PBXVariantGroup section */
		C03C860B1D1C21CA001AAD80 /* Main.storyboard */ = {
			isa = PBXVariantGroup;
			children = (
				C03C860C1D1C21CA001AAD80 /* Base */,
			);
			name = Main.storyboard;
			sourceTree = "<group>";
		};
		C03C86101D1C21CA001AAD80 /* LaunchScreen.storyboard */ = {
			isa = PBXVariantGroup;
			children = (
				C03C86111D1C21CA001AAD80 /* Base */,
			);
			name = LaunchScreen.storyboard;
			sourceTree = "<group>";
		};
/* End PBXVariantGroup section */

/* Begin XCBuildConfiguration section */
		C03C862A1D1C21CA001AAD80 /* Debug */ = {
			isa = XCBuildConfiguration;
			buildSettings = {
				ALWAYS_SEARCH_USER_PATHS = NO;
				CLANG_ANALYZER_NONNULL = YES;
				CLANG_CXX_LANGUAGE_STANDARD = "gnu++0x";
				CLANG_CXX_LIBRARY = "libc++";
				CLANG_ENABLE_MODULES = YES;
				CLANG_ENABLE_OBJC_ARC = YES;
				CLANG_WARN_BOOL_CONVERSION = YES;
				CLANG_WARN_CONSTANT_CONVERSION = YES;
				CLANG_WARN_DIRECT_OBJC_ISA_USAGE = YES_ERROR;
				CLANG_WARN_EMPTY_BODY = YES;
				CLANG_WARN_ENUM_CONVERSION = YES;
				CLANG_WARN_INT_CONVERSION = YES;
				CLANG_WARN_OBJC_ROOT_CLASS = YES_ERROR;
				CLANG_WARN_UNREACHABLE_CODE = YES;
				CLANG_WARN__DUPLICATE_METHOD_MATCH = YES;
				"CODE_SIGN_IDENTITY[sdk=iphoneos*]" = "iPhone Developer";
				COPY_PHASE_STRIP = NO;
				DEBUG_INFORMATION_FORMAT = dwarf;
				ENABLE_STRICT_OBJC_MSGSEND = YES;
				ENABLE_TESTABILITY = YES;
				GCC_C_LANGUAGE_STANDARD = gnu99;
				GCC_DYNAMIC_NO_PIC = NO;
				GCC_NO_COMMON_BLOCKS = YES;
				GCC_OPTIMIZATION_LEVEL = 0;
				GCC_PREPROCESSOR_DEFINITIONS = (
					"DEBUG=1",
					"$(inherited)",
				);
				GCC_WARN_64_TO_32_BIT_CONVERSION = YES;
				GCC_WARN_ABOUT_RETURN_TYPE = YES_ERROR;
				GCC_WARN_UNDECLARED_SELECTOR = YES;
				GCC_WARN_UNINITIALIZED_AUTOS = YES_AGGRESSIVE;
				GCC_WARN_UNUSED_FUNCTION = YES;
				GCC_WARN_UNUSED_VARIABLE = YES;
				IPHONEOS_DEPLOYMENT_TARGET = 9.3;
				MTL_ENABLE_DEBUG_INFO = YES;
				ONLY_ACTIVE_ARCH = YES;
				SDKROOT = iphoneos;
				TARGETED_DEVICE_FAMILY = "1,2";
			};
			name = Debug;
		};
		C03C862B1D1C21CA001AAD80 /* Release */ = {
			isa = XCBuildConfiguration;
			buildSettings = {
				ALWAYS_SEARCH_USER_PATHS = NO;
				CLANG_ANALYZER_NONNULL = YES;
				CLANG_CXX_LANGUAGE_STANDARD = "gnu++0x";
				CLANG_CXX_LIBRARY = "libc++";
				CLANG_ENABLE_MODULES = YES;
				CLANG_ENABLE_OBJC_ARC = YES;
				CLANG_WARN_BOOL_CONVERSION = YES;
				CLANG_WARN_CONSTANT_CONVERSION = YES;
				CLANG_WARN_DIRECT_OBJC_ISA_USAGE = YES_ERROR;
				CLANG_WARN_EMPTY_BODY = YES;
				CLANG_WARN_ENUM_CONVERSION = YES;
				CLANG_WARN_INT_CONVERSION = YES;
				CLANG_WARN_OBJC_ROOT_CLASS = YES_ERROR;
				CLANG_WARN_UNREACHABLE_CODE = YES;
				CLANG_WARN__DUPLICATE_METHOD_MATCH = YES;
				"CODE_SIGN_IDENTITY[sdk=iphoneos*]" = "iPhone Developer";
				COPY_PHASE_STRIP = NO;
				DEBUG_INFORMATION_FORMAT = "dwarf-with-dsym";
				ENABLE_NS_ASSERTIONS = NO;
				ENABLE_STRICT_OBJC_MSGSEND = YES;
				GCC_C_LANGUAGE_STANDARD = gnu99;
				GCC_NO_COMMON_BLOCKS = YES;
				GCC_WARN_64_TO_32_BIT_CONVERSION = YES;
				GCC_WARN_ABOUT_RETURN_TYPE = YES_ERROR;
				GCC_WARN_UNDECLARED_SELECTOR = YES;
				GCC_WARN_UNINITIALIZED_AUTOS = YES_AGGRESSIVE;
				GCC_WARN_UNUSED_FUNCTION = YES;
				GCC_WARN_UNUSED_VARIABLE = YES;
				IPHONEOS_DEPLOYMENT_TARGET = 9.3;
				MTL_ENABLE_DEBUG_INFO = NO;
				SDKROOT = iphoneos;
				TARGETED_DEVICE_FAMILY = "1,2";
				VALIDATE_PRODUCT = YES;
			};
			name = Release;
		};
		C03C862D1D1C21CA001AAD80 /* Debug */ = {
			isa = XCBuildConfiguration;
			buildSettings = {
				ASSETCATALOG_COMPILER_APPICON_NAME = AppIcon;
				INFOPLIST_FILE = quartz2dUse/Info.plist;
				LD_RUNPATH_SEARCH_PATHS = "$(inherited) @executable_path/Frameworks";
				PRODUCT_BUNDLE_IDENTIFIER = qingshanliuyun.quartz2dUse;
				PRODUCT_NAME = "$(TARGET_NAME)";
			};
			name = Debug;
		};
		C03C862E1D1C21CA001AAD80 /* Release */ = {
			isa = XCBuildConfiguration;
			buildSettings = {
				ASSETCATALOG_COMPILER_APPICON_NAME = AppIcon;
				INFOPLIST_FILE = quartz2dUse/Info.plist;
				LD_RUNPATH_SEARCH_PATHS = "$(inherited) @executable_path/Frameworks";
				PRODUCT_BUNDLE_IDENTIFIER = qingshanliuyun.quartz2dUse;
				PRODUCT_NAME = "$(TARGET_NAME)";
			};
			name = Release;
		};
		C03C86301D1C21CA001AAD80 /* Debug */ = {
			isa = XCBuildConfiguration;
			buildSettings = {
				BUNDLE_LOADER = "$(TEST_HOST)";
				INFOPLIST_FILE = quartz2dUseTests/Info.plist;
				LD_RUNPATH_SEARCH_PATHS = "$(inherited) @executable_path/Frameworks @loader_path/Frameworks";
				PRODUCT_BUNDLE_IDENTIFIER = qingshanliuyun.quartz2dUseTests;
				PRODUCT_NAME = "$(TARGET_NAME)";
				TEST_HOST = "$(BUILT_PRODUCTS_DIR)/quartz2dUse.app/quartz2dUse";
			};
			name = Debug;
		};
		C03C86311D1C21CA001AAD80 /* Release */ = {
			isa = XCBuildConfiguration;
			buildSettings = {
				BUNDLE_LOADER = "$(TEST_HOST)";
				INFOPLIST_FILE = quartz2dUseTests/Info.plist;
				LD_RUNPATH_SEARCH_PATHS = "$(inherited) @executable_path/Frameworks @loader_path/Frameworks";
				PRODUCT_BUNDLE_IDENTIFIER = qingshanliuyun.quartz2dUseTests;
				PRODUCT_NAME = "$(TARGET_NAME)";
				TEST_HOST = "$(BUILT_PRODUCTS_DIR)/quartz2dUse.app/quartz2dUse";
			};
			name = Release;
		};
		C03C86331D1C21CA001AAD80 /* Debug */ = {
			isa = XCBuildConfiguration;
			buildSettings = {
				INFOPLIST_FILE = quartz2dUseUITests/Info.plist;
				LD_RUNPATH_SEARCH_PATHS = "$(inherited) @executable_path/Frameworks @loader_path/Frameworks";
				PRODUCT_BUNDLE_IDENTIFIER = qingshanliuyun.quartz2dUseUITests;
				PRODUCT_NAME = "$(TARGET_NAME)";
				TEST_TARGET_NAME = quartz2dUse;
			};
			name = Debug;
		};
		C03C86341D1C21CA001AAD80 /* Release */ = {
			isa = XCBuildConfiguration;
			buildSettings = {
				INFOPLIST_FILE = quartz2dUseUITests/Info.plist;
				LD_RUNPATH_SEARCH_PATHS = "$(inherited) @executable_path/Frameworks @loader_path/Frameworks";
				PRODUCT_BUNDLE_IDENTIFIER = qingshanliuyun.quartz2dUseUITests;
				PRODUCT_NAME = "$(TARGET_NAME)";
				TEST_TARGET_NAME = quartz2dUse;
			};
			name = Release;
		};
/* End XCBuildConfiguration section */

/* Begin XCConfigurationList section */
		C03C85FA1D1C21CA001AAD80 /* Build configuration list for PBXProject "quartz2dUse" */ = {
			isa = XCConfigurationList;
			buildConfigurations = (
				C03C862A1D1C21CA001AAD80 /* Debug */,
				C03C862B1D1C21CA001AAD80 /* Release */,
			);
			defaultConfigurationIsVisible = 0;
			defaultConfigurationName = Release;
		};
		C03C862C1D1C21CA001AAD80 /* Build configuration list for PBXNativeTarget "quartz2dUse" */ = {
			isa = XCConfigurationList;
			buildConfigurations = (
				C03C862D1D1C21CA001AAD80 /* Debug */,
				C03C862E1D1C21CA001AAD80 /* Release */,
			);
			defaultConfigurationIsVisible = 0;
		};
		C03C862F1D1C21CA001AAD80 /* Build configuration list for PBXNativeTarget "quartz2dUseTests" */ = {
			isa = XCConfigurationList;
			buildConfigurations = (
				C03C86301D1C21CA001AAD80 /* Debug */,
				C03C86311D1C21CA001AAD80 /* Release */,
			);
			defaultConfigurationIsVisible = 0;
		};
		C03C86321D1C21CA001AAD80 /* Build configuration list for PBXNativeTarget "quartz2dUseUITests" */ = {
			isa = XCConfigurationList;
			buildConfigurations = (
				C03C86331D1C21CA001AAD80 /* Debug */,
				C03C86341D1C21CA001AAD80 /* Release */,
			);
			defaultConfigurationIsVisible = 0;
		};
/* End XCConfigurationList section */
	};
	rootObject = C03C85F71D1C21CA001AAD80 /* Project object */;
}
